
Microsoft Visual Studio Solution File, Format Version 12.00
# Visual Studio Version 17
VisualStudioVersion = 17.7.34031.279
MinimumVisualStudioVersion = 10.0.40219.1
Project("{FAE04EC0-301F-11D3-BF4B-00C04F79EFBC}") = "AMKDotNetCore.ConsoleApp", "AMKDotNetCore.ConsoleApp\AMKDotNetCore.ConsoleApp.csproj", "{6BDBA156-9250-45EB-99EA-5C49A89C8017}"
EndProject
Global
	GlobalSection(SolutionConfigurationPlatforms) = preSolution
		Debug|Any CPU = Debug|Any CPU
		Release|Any CPU = Release|Any CPU
	EndGlobalSection
	GlobalSection(ProjectConfigurationPlatforms) = postSolution
		{6BDBA156-9250-45EB-99EA-5C49A89C8017}.Debug|Any CPU.ActiveCfg = Debug|Any CPU
		{6BDBA156-9250-45EB-99EA-5C49A89C8017}.Debug|Any CPU.Build.0 = Debug|Any CPU
		{6BDBA156-9250-45EB-99EA-5C49A89C8017}.Release|Any CPU.ActiveCfg = Release|Any CPU
		{6BDBA156-9250-45EB-99EA-5C49A89C8017}.Release|Any CPU.Build.0 = Release|Any CPU
	EndGlobalSection
	GlobalSection(SolutionProperties) = preSolution
		HideSolutionNode = FALSE
	EndGlobalSection
	GlobalSection(ExtensibilityGlobals) = postSolution
		SolutionGuid = {E5382C6E-00AE-4C36-8ECF-B2445A0A89BD}
	EndGlobalSection
EndGlobal
